
Microsoft Visual Studio Solution File, Format Version 12.00
# Visual Studio 15
VisualStudioVersion = 15.0.27428.2037
MinimumVisualStudioVersion = 10.0.40219.1
Project("{9A19103F-16F7-4668-BE54-9A1E7A4F7556}") = "n11api", "n11api.csproj", "{136CE8E1-8EB7-491D-B507-F40F13747EA7}"
EndProject
Global
	GlobalSection(SolutionConfigurationPlatforms) = preSolution
		Debug|Any CPU = Debug|Any CPU
		Release|Any CPU = Release|Any CPU
	EndGlobalSection
	GlobalSection(ProjectConfigurationPlatforms) = postSolution
		{136CE8E1-8EB7-491D-B507-F40F13747EA7}.Debug|Any CPU.ActiveCfg = Debug|Any CPU
		{136CE8E1-8EB7-491D-B507-F40F13747EA7}.Debug|Any CPU.Build.0 = Debug|Any CPU
		{136CE8E1-8EB7-491D-B507-F40F13747EA7}.Release|Any CPU.ActiveCfg = Release|Any CPU
		{136CE8E1-8EB7-491D-B507-F40F13747EA7}.Release|Any CPU.Build.0 = Release|Any CPU
	EndGlobalSection
	GlobalSection(SolutionProperties) = preSolution
		HideSolutionNode = FALSE
	EndGlobalSection
	GlobalSection(ExtensibilityGlobals) = postSolution
		SolutionGuid = {0D287E4C-DC16-4ABE-8184-CEBDDB71F12D}
	EndGlobalSection
EndGlobal
